// !$*UTF8*$!
{
	archiveVersion = 1;
	classes = {
	};
	objectVersion = 77;
	objects = {

/* Begin PBXBuildFile section */
		057C85CD2AD9D5CC2B219085 /* ClipSorting.swift in Sources */ = {isa = PBXBuildFile; fileRef = CE111D9FA3087287B3C44F59 /* ClipSorting.swift */; };
		067A55177614920101769FF8 /* NotchGeometry.swift in Sources */ = {isa = PBXBuildFile; fileRef = FA21FA9901D2795DF720672B /* NotchGeometry.swift */; };
		116EEC8F789677903EDF023E /* CopyTray.swift in Sources */ = {isa = PBXBuildFile; fileRef = 6D969ABE299A074634BC32D3 /* CopyTray.swift */; };
		147C6A3750ACF086CDC06011 /* NotchCard.swift in Sources */ = {isa = PBXBuildFile; fileRef = 065A0E28A05A2F1670C54031 /* NotchCard.swift */; };
		1FEB42665B06DF5A3E419BF1 /* ClipCard.swift in Sources */ = {isa = PBXBuildFile; fileRef = 4738F71944DD6C42FBEF197C /* ClipCard.swift */; };
		35E30530E7D620BEA21347B8 /* ReminderService.swift in Sources */ = {isa = PBXBuildFile; fileRef = 497566452BEAA80445B1B0E0 /* ReminderService.swift */; };
		3609DCE5C1665ACC30650C68 /* ClipboardMonitor.swift in Sources */ = {isa = PBXBuildFile; fileRef = DEAC9E4BE514BB80A47B5726 /* ClipboardMonitor.swift */; };
		43EDD919F2090A32548E7629 /* NotchView.swift in Sources */ = {isa = PBXBuildFile; fileRef = 76FDB51AF0717463FEBEDA40 /* NotchView.swift */; };
		44F7543B14FCDEA9AC1F9CDF /* Settings.swift in Sources */ = {isa = PBXBuildFile; fileRef = F387D95B6F06D491B2572F62 /* Settings.swift */; };
		4F55BBD89C23BFA101E611BC /* Shortcuts.swift in Sources */ = {isa = PBXBuildFile; fileRef = 3F498EDF7DE1E02958040E2C /* Shortcuts.swift */; };
		56AAF6F97F185048F4B9705F /* Assets.xcassets in Resources */ = {isa = PBXBuildFile; fileRef = 31E3C516BC3E091932680368 /* Assets.xcassets */; };
		59FC34B0CE3D2828C03BEC8C /* DesignSystem.swift in Sources */ = {isa = PBXBuildFile; fileRef = F11486D4D2A5BCB89AABCDC9 /* DesignSystem.swift */; };
		5DD1846A542C8EAB7C7D1B3C /* FilterBar.swift in Sources */ = {isa = PBXBuildFile; fileRef = A2DAF1FD798EE67C51F9ABAA /* FilterBar.swift */; };
		700B2E41F08F5E17A92DDC8C /* KeyboardShortcuts in Frameworks */ = {isa = PBXBuildFile; productRef = 16D4D1BFC6F36EFF7DB0E82A /* KeyboardShortcuts */; };
		776D100F018800F366C727A9 /* NotchTrayView.swift in Sources */ = {isa = PBXBuildFile; fileRef = F2D05DF3AD3AA8B623D2B2A0 /* NotchTrayView.swift */; };
		78AE6F8C60D85D0AF4D63D01 /* ContentView.swift in Sources */ = {isa = PBXBuildFile; fileRef = ADAB27AF68DFDFC9C00745F1 /* ContentView.swift */; };
		7E982D5231F5D046E2A487D3 /* SettingsView.swift in Sources */ = {isa = PBXBuildFile; fileRef = 2BC5D9661379B6E4A9D90F13 /* SettingsView.swift */; };
		845B1AA82F434535B4BA2C45 /* FileStorage.swift in Sources */ = {isa = PBXBuildFile; fileRef = 3C3FEFF1AAA8A909C452D643 /* FileStorage.swift */; };
		9144673B4694091055E80ED2 /* OCRService.swift in Sources */ = {isa = PBXBuildFile; fileRef = 55045029FC2D40A5548A2201 /* OCRService.swift */; };
		956851B519BF5AFEB1A982B8 /* BulkActionBar.swift in Sources */ = {isa = PBXBuildFile; fileRef = C6370ED2CCED150453DAF9AD /* BulkActionBar.swift */; };
		9587C0C7DE2B936D2BAC4FCE /* HotZoneWindow.swift in Sources */ = {isa = PBXBuildFile; fileRef = D4FE0792832CD6DD79D0C436 /* HotZoneWindow.swift */; };
		96DB4EE7A170D272D4FA4C99 /* NotchController.swift in Sources */ = {isa = PBXBuildFile; fileRef = E846C521F4A9BF2F33E9DFF3 /* NotchController.swift */; };
		9721430A4B497FBCF0ADBD9C /* ClipRow.swift in Sources */ = {isa = PBXBuildFile; fileRef = F1B68E6C5252AC80451A3477 /* ClipRow.swift */; };
		9D2A26B0D46933DBA4CD0163 /* StackDragHandle.swift in Sources */ = {isa = PBXBuildFile; fileRef = 977A21BA83821D6FD3963771 /* StackDragHandle.swift */; };
		A1EECF5957ABC454457ACFE8 /* ListNavigator.swift in Sources */ = {isa = PBXBuildFile; fileRef = BF1084EE34E6EB2A61108C78 /* ListNavigator.swift */; };
		A5C5A83A4B645CBF00FC8D81 /* App.swift in Sources */ = {isa = PBXBuildFile; fileRef = 08C0A0A33C2AF23745E26858 /* App.swift */; };
		A8661FA3D17F686016514D2B /* ScreenshotWatcher.swift in Sources */ = {isa = PBXBuildFile; fileRef = 3F29AFA00826D2AAA502CA85 /* ScreenshotWatcher.swift */; };
		B9DDA330E0FABB94D15830F9 /* ClipStore.swift in Sources */ = {isa = PBXBuildFile; fileRef = C8875C95C7AA68D09AE6C90E /* ClipStore.swift */; };
		C3C0A2ADB09A25488C0519D6 /* ClipDetailCard.swift in Sources */ = {isa = PBXBuildFile; fileRef = 2A1EEAB9E400373706420124 /* ClipDetailCard.swift */; };
		D7E3B3EA38D57DC6EFFB5CF0 /* ClipPasteboard.swift in Sources */ = {isa = PBXBuildFile; fileRef = D585C445151D5A03E518E08F /* ClipPasteboard.swift */; };
		DAC5C92D2F6302FAA081CF12 /* LiquidGlass.swift in Sources */ = {isa = PBXBuildFile; fileRef = C4719EA8532D1DAF72071BA5 /* LiquidGlass.swift */; };
		DD4CBEF6763378F4E9BCF312 /* FirstMouseHostingView.swift in Sources */ = {isa = PBXBuildFile; fileRef = 0BF1C20DA66B22698D0B5564 /* FirstMouseHostingView.swift */; };
		DD80DB80D4E8472289C67B6A /* ClipKind.swift in Sources */ = {isa = PBXBuildFile; fileRef = EE28B1757F8DD3A53CF0561C /* ClipKind.swift */; };
		E7E8DA6EBBC225B86BB65849 /* PanelController.swift in Sources */ = {isa = PBXBuildFile; fileRef = 30133C1BF7F5B8D0D516BBA9 /* PanelController.swift */; };
		EE740E67C67D6999091D61A7 /* ClipEditor.swift in Sources */ = {isa = PBXBuildFile; fileRef = 47C93FC5B55D0BAA618653CC /* ClipEditor.swift */; };
		F7A35476487B345C688B1C56 /* CopyHUD.swift in Sources */ = {isa = PBXBuildFile; fileRef = 361FCE31205BB164AAC7BF8E /* CopyHUD.swift */; };
		FEEBB208905E28037FB5AB97 /* Clip.swift in Sources */ = {isa = PBXBuildFile; fileRef = 98C865ACEA8E8F79CCBFD70E /* Clip.swift */; };
/* End PBXBuildFile section */

/* Begin PBXFileReference section */
		065A0E28A05A2F1670C54031 /* NotchCard.swift */ = {isa = PBXFileReference; lastKnownFileType = sourcecode.swift; path = NotchCard.swift; sourceTree = "<group>"; };
		08C0A0A33C2AF23745E26858 /* App.swift */ = {isa = PBXFileReference; lastKnownFileType = sourcecode.swift; path = App.swift; sourceTree = "<group>"; };
		0BF1C20DA66B22698D0B5564 /* FirstMouseHostingView.swift */ = {isa = PBXFileReference; lastKnownFileType = sourcecode.swift; path = FirstMouseHostingView.swift; sourceTree = "<group>"; };
		2A1EEAB9E400373706420124 /* ClipDetailCard.swift */ = {isa = PBXFileReference; lastKnownFileType = sourcecode.swift; path = ClipDetailCard.swift; sourceTree = "<group>"; };
		2BC5D9661379B6E4A9D90F13 /* SettingsView.swift */ = {isa = PBXFileReference; lastKnownFileType = sourcecode.swift; path = SettingsView.swift; sourceTree = "<group>"; };
		30133C1BF7F5B8D0D516BBA9 /* PanelController.swift */ = {isa = PBXFileReference; lastKnownFileType = sourcecode.swift; path = PanelController.swift; sourceTree = "<group>"; };
		31E3C516BC3E091932680368 /* Assets.xcassets */ = {isa = PBXFileReference; lastKnownFileType = folder.assetcatalog; path = Assets.xcassets; sourceTree = "<group>"; };
		360C6D298B9FE209BB7F062D /* Info.plist */ = {isa = PBXFileReference; lastKnownFileType = text.plist; path = Info.plist; sourceTree = "<group>"; };
		361FCE31205BB164AAC7BF8E /* CopyHUD.swift */ = {isa = PBXFileReference; lastKnownFileType = sourcecode.swift; path = CopyHUD.swift; sourceTree = "<group>"; };
		3C3FEFF1AAA8A909C452D643 /* FileStorage.swift */ = {isa = PBXFileReference; lastKnownFileType = sourcecode.swift; path = FileStorage.swift; sourceTree = "<group>"; };
		3F29AFA00826D2AAA502CA85 /* ScreenshotWatcher.swift */ = {isa = PBXFileReference; lastKnownFileType = sourcecode.swift; path = ScreenshotWatcher.swift; sourceTree = "<group>"; };
		3F498EDF7DE1E02958040E2C /* Shortcuts.swift */ = {isa = PBXFileReference; lastKnownFileType = sourcecode.swift; path = Shortcuts.swift; sourceTree = "<group>"; };
		4738F71944DD6C42FBEF197C /* ClipCard.swift */ = {isa = PBXFileReference; lastKnownFileType = sourcecode.swift; path = ClipCard.swift; sourceTree = "<group>"; };
		47C93FC5B55D0BAA618653CC /* ClipEditor.swift */ = {isa = PBXFileReference; lastKnownFileType = sourcecode.swift; path = ClipEditor.swift; sourceTree = "<group>"; };
		497566452BEAA80445B1B0E0 /* ReminderService.swift */ = {isa = PBXFileReference; lastKnownFileType = sourcecode.swift; path = ReminderService.swift; sourceTree = "<group>"; };
		55045029FC2D40A5548A2201 /* OCRService.swift */ = {isa = PBXFileReference; lastKnownFileType = sourcecode.swift; path = OCRService.swift; sourceTree = "<group>"; };
		6D969ABE299A074634BC32D3 /* CopyTray.swift */ = {isa = PBXFileReference; lastKnownFileType = sourcecode.swift; path = CopyTray.swift; sourceTree = "<group>"; };
		76FDB51AF0717463FEBEDA40 /* NotchView.swift */ = {isa = PBXFileReference; lastKnownFileType = sourcecode.swift; path = NotchView.swift; sourceTree = "<group>"; };
		977A21BA83821D6FD3963771 /* StackDragHandle.swift */ = {isa = PBXFileReference; lastKnownFileType = sourcecode.swift; path = StackDragHandle.swift; sourceTree = "<group>"; };
		98C865ACEA8E8F79CCBFD70E /* Clip.swift */ = {isa = PBXFileReference; lastKnownFileType = sourcecode.swift; path = Clip.swift; sourceTree = "<group>"; };
		A2DAF1FD798EE67C51F9ABAA /* FilterBar.swift */ = {isa = PBXFileReference; lastKnownFileType = sourcecode.swift; path = FilterBar.swift; sourceTree = "<group>"; };
		ADAB27AF68DFDFC9C00745F1 /* ContentView.swift */ = {isa = PBXFileReference; lastKnownFileType = sourcecode.swift; path = ContentView.swift; sourceTree = "<group>"; };
		BF1084EE34E6EB2A61108C78 /* ListNavigator.swift */ = {isa = PBXFileReference; lastKnownFileType = sourcecode.swift; path = ListNavigator.swift; sourceTree = "<group>"; };
		C4719EA8532D1DAF72071BA5 /* LiquidGlass.swift */ = {isa = PBXFileReference; lastKnownFileType = sourcecode.swift; path = LiquidGlass.swift; sourceTree = "<group>"; };
		C6370ED2CCED150453DAF9AD /* BulkActionBar.swift */ = {isa = PBXFileReference; lastKnownFileType = sourcecode.swift; path = BulkActionBar.swift; sourceTree = "<group>"; };
		C8875C95C7AA68D09AE6C90E /* ClipStore.swift */ = {isa = PBXFileReference; lastKnownFileType = sourcecode.swift; path = ClipStore.swift; sourceTree = "<group>"; };
		CE111D9FA3087287B3C44F59 /* ClipSorting.swift */ = {isa = PBXFileReference; lastKnownFileType = sourcecode.swift; path = ClipSorting.swift; sourceTree = "<group>"; };
		D4FE0792832CD6DD79D0C436 /* HotZoneWindow.swift */ = {isa = PBXFileReference; lastKnownFileType = sourcecode.swift; path = HotZoneWindow.swift; sourceTree = "<group>"; };
		D585C445151D5A03E518E08F /* ClipPasteboard.swift */ = {isa = PBXFileReference; lastKnownFileType = sourcecode.swift; path = ClipPasteboard.swift; sourceTree = "<group>"; };
		DEAC9E4BE514BB80A47B5726 /* ClipboardMonitor.swift */ = {isa = PBXFileReference; lastKnownFileType = sourcecode.swift; path = ClipboardMonitor.swift; sourceTree = "<group>"; };
		E846C521F4A9BF2F33E9DFF3 /* NotchController.swift */ = {isa = PBXFileReference; lastKnownFileType = sourcecode.swift; path = NotchController.swift; sourceTree = "<group>"; };
		ED0242E8B97C4731FC0BB128 /* Cache.app */ = {isa = PBXFileReference; explicitFileType = wrapper.application; includeInIndex = 0; path = Cache.app; sourceTree = BUILT_PRODUCTS_DIR; };
		EE28B1757F8DD3A53CF0561C /* ClipKind.swift */ = {isa = PBXFileReference; lastKnownFileType = sourcecode.swift; path = ClipKind.swift; sourceTree = "<group>"; };
		F07AC9C192EFBD68F13F8488 /* SupaClip.entitlements */ = {isa = PBXFileReference; lastKnownFileType = text.plist.entitlements; path = SupaClip.entitlements; sourceTree = "<group>"; };
		F11486D4D2A5BCB89AABCDC9 /* DesignSystem.swift */ = {isa = PBXFileReference; lastKnownFileType = sourcecode.swift; path = DesignSystem.swift; sourceTree = "<group>"; };
		F1B68E6C5252AC80451A3477 /* ClipRow.swift */ = {isa = PBXFileReference; lastKnownFileType = sourcecode.swift; path = ClipRow.swift; sourceTree = "<group>"; };
		F2D05DF3AD3AA8B623D2B2A0 /* NotchTrayView.swift */ = {isa = PBXFileReference; lastKnownFileType = sourcecode.swift; path = NotchTrayView.swift; sourceTree = "<group>"; };
		F387D95B6F06D491B2572F62 /* Settings.swift */ = {isa = PBXFileReference; lastKnownFileType = sourcecode.swift; path = Settings.swift; sourceTree = "<group>"; };
		FA21FA9901D2795DF720672B /* NotchGeometry.swift */ = {isa = PBXFileReference; lastKnownFileType = sourcecode.swift; path = NotchGeometry.swift; sourceTree = "<group>"; };
/* End PBXFileReference section */

/* Begin PBXFrameworksBuildPhase section */
		C2ADA502DBE97107EB5F051B /* Frameworks */ = {
			isa = PBXFrameworksBuildPhase;
			buildActionMask = 2147483647;
			files = (
				700B2E41F08F5E17A92DDC8C /* KeyboardShortcuts in Frameworks */,
			);
			runOnlyForDeploymentPostprocessing = 0;
		};
/* End PBXFrameworksBuildPhase section */

/* Begin PBXGroup section */
		585F51EA54C3AF6D5B3C164F = {
			isa = PBXGroup;
			children = (
				B2DEBC02A98D73F208941175 /* SupaClip */,
				D5936EF027ACF61E29BE1478 /* Products */,
			);
			sourceTree = "<group>";
		};
		B2DEBC02A98D73F208941175 /* SupaClip */ = {
			isa = PBXGroup;
			children = (
				08C0A0A33C2AF23745E26858 /* App.swift */,
				31E3C516BC3E091932680368 /* Assets.xcassets */,
				C6370ED2CCED150453DAF9AD /* BulkActionBar.swift */,
				98C865ACEA8E8F79CCBFD70E /* Clip.swift */,
				DEAC9E4BE514BB80A47B5726 /* ClipboardMonitor.swift */,
				4738F71944DD6C42FBEF197C /* ClipCard.swift */,
				2A1EEAB9E400373706420124 /* ClipDetailCard.swift */,
				47C93FC5B55D0BAA618653CC /* ClipEditor.swift */,
				EE28B1757F8DD3A53CF0561C /* ClipKind.swift */,
				D585C445151D5A03E518E08F /* ClipPasteboard.swift */,
				F1B68E6C5252AC80451A3477 /* ClipRow.swift */,
				CE111D9FA3087287B3C44F59 /* ClipSorting.swift */,
				C8875C95C7AA68D09AE6C90E /* ClipStore.swift */,
				ADAB27AF68DFDFC9C00745F1 /* ContentView.swift */,
				361FCE31205BB164AAC7BF8E /* CopyHUD.swift */,
				6D969ABE299A074634BC32D3 /* CopyTray.swift */,
				F11486D4D2A5BCB89AABCDC9 /* DesignSystem.swift */,
				3C3FEFF1AAA8A909C452D643 /* FileStorage.swift */,
				A2DAF1FD798EE67C51F9ABAA /* FilterBar.swift */,
				0BF1C20DA66B22698D0B5564 /* FirstMouseHostingView.swift */,
				D4FE0792832CD6DD79D0C436 /* HotZoneWindow.swift */,
				360C6D298B9FE209BB7F062D /* Info.plist */,
				C4719EA8532D1DAF72071BA5 /* LiquidGlass.swift */,
				BF1084EE34E6EB2A61108C78 /* ListNavigator.swift */,
				065A0E28A05A2F1670C54031 /* NotchCard.swift */,
				E846C521F4A9BF2F33E9DFF3 /* NotchController.swift */,
				FA21FA9901D2795DF720672B /* NotchGeometry.swift */,
				F2D05DF3AD3AA8B623D2B2A0 /* NotchTrayView.swift */,
				76FDB51AF0717463FEBEDA40 /* NotchView.swift */,
				55045029FC2D40A5548A2201 /* OCRService.swift */,
				30133C1BF7F5B8D0D516BBA9 /* PanelController.swift */,
				497566452BEAA80445B1B0E0 /* ReminderService.swift */,
				3F29AFA00826D2AAA502CA85 /* ScreenshotWatcher.swift */,
				F387D95B6F06D491B2572F62 /* Settings.swift */,
				2BC5D9661379B6E4A9D90F13 /* SettingsView.swift */,
				3F498EDF7DE1E02958040E2C /* Shortcuts.swift */,
				977A21BA83821D6FD3963771 /* StackDragHandle.swift */,
				F07AC9C192EFBD68F13F8488 /* SupaClip.entitlements */,
			);
			path = SupaClip;
			sourceTree = "<group>";
		};
		D5936EF027ACF61E29BE1478 /* Products */ = {
			isa = PBXGroup;
			children = (
				ED0242E8B97C4731FC0BB128 /* Cache.app */,
			);
			name = Products;
			sourceTree = "<group>";
		};
/* End PBXGroup section */

/* Begin PBXNativeTarget section */
		DB4E86EA5D63646DF40447A7 /* Cache */ = {
			isa = PBXNativeTarget;
			buildConfigurationList = C9F6FF15F31BC3619556B73B /* Build configuration list for PBXNativeTarget "Cache" */;
			buildPhases = (
				610010B08CEED4A251B36A7B /* Sources */,
				C74623E1EF01673AAAD74C9C /* Resources */,
				C2ADA502DBE97107EB5F051B /* Frameworks */,
			);
			buildRules = (
			);
			dependencies = (
			);
			name = Cache;
			packageProductDependencies = (
				16D4D1BFC6F36EFF7DB0E82A /* KeyboardShortcuts */,
			);
			productName = Cache;
			productReference = ED0242E8B97C4731FC0BB128 /* Cache.app */;
			productType = "com.apple.product-type.application";
		};
/* End PBXNativeTarget section */

/* Begin PBXProject section */
		1415A7914B54B36021CB05E2 /* Project object */ = {
			isa = PBXProject;
			attributes = {
				BuildIndependentTargetsInParallel = YES;
				LastUpgradeCheck = 1430;
				TargetAttributes = {
					DB4E86EA5D63646DF40447A7 = {
						DevelopmentTeam = "";
						ProvisioningStyle = Automatic;
					};
				};
			};
			buildConfigurationList = 2191FA7CF683A80686623DC0 /* Build configuration list for PBXProject "Cache" */;
			developmentRegion = en;
			hasScannedForEncodings = 0;
			knownRegions = (
				Base,
				en,
			);
			mainGroup = 585F51EA54C3AF6D5B3C164F;
			minimizedProjectReferenceProxies = 1;
			packageReferences = (
				AB0D2DD8F3834CB549553702 /* XCRemoteSwiftPackageReference "KeyboardShortcuts" */,
			);
			preferredProjectObjectVersion = 77;
			productRefGroup = D5936EF027ACF61E29BE1478 /* Products */;
			projectDirPath = "";
			projectRoot = "";
			targets = (
				DB4E86EA5D63646DF40447A7 /* Cache */,
			);
		};
/* End PBXProject section */

/* Begin PBXResourcesBuildPhase section */
		C74623E1EF01673AAAD74C9C /* Resources */ = {
			isa = PBXResourcesBuildPhase;
			buildActionMask = 2147483647;
			files = (
				56AAF6F97F185048F4B9705F /* Assets.xcassets in Resources */,
			);
			runOnlyForDeploymentPostprocessing = 0;
		};
/* End PBXResourcesBuildPhase section */

/* Begin PBXSourcesBuildPhase section */
		610010B08CEED4A251B36A7B /* Sources */ = {
			isa = PBXSourcesBuildPhase;
			buildActionMask = 2147483647;
			files = (
				A5C5A83A4B645CBF00FC8D81 /* App.swift in Sources */,
				956851B519BF5AFEB1A982B8 /* BulkActionBar.swift in Sources */,
				FEEBB208905E28037FB5AB97 /* Clip.swift in Sources */,
				1FEB42665B06DF5A3E419BF1 /* ClipCard.swift in Sources */,
				C3C0A2ADB09A25488C0519D6 /* ClipDetailCard.swift in Sources */,
				EE740E67C67D6999091D61A7 /* ClipEditor.swift in Sources */,
				DD80DB80D4E8472289C67B6A /* ClipKind.swift in Sources */,
				D7E3B3EA38D57DC6EFFB5CF0 /* ClipPasteboard.swift in Sources */,
				9721430A4B497FBCF0ADBD9C /* ClipRow.swift in Sources */,
				057C85CD2AD9D5CC2B219085 /* ClipSorting.swift in Sources */,
				B9DDA330E0FABB94D15830F9 /* ClipStore.swift in Sources */,
				3609DCE5C1665ACC30650C68 /* ClipboardMonitor.swift in Sources */,
				78AE6F8C60D85D0AF4D63D01 /* ContentView.swift in Sources */,
				F7A35476487B345C688B1C56 /* CopyHUD.swift in Sources */,
				116EEC8F789677903EDF023E /* CopyTray.swift in Sources */,
				59FC34B0CE3D2828C03BEC8C /* DesignSystem.swift in Sources */,
				845B1AA82F434535B4BA2C45 /* FileStorage.swift in Sources */,
				5DD1846A542C8EAB7C7D1B3C /* FilterBar.swift in Sources */,
				DD4CBEF6763378F4E9BCF312 /* FirstMouseHostingView.swift in Sources */,
				9587C0C7DE2B936D2BAC4FCE /* HotZoneWindow.swift in Sources */,
				DAC5C92D2F6302FAA081CF12 /* LiquidGlass.swift in Sources */,
				A1EECF5957ABC454457ACFE8 /* ListNavigator.swift in Sources */,
				147C6A3750ACF086CDC06011 /* NotchCard.swift in Sources */,
				96DB4EE7A170D272D4FA4C99 /* NotchController.swift in Sources */,
				067A55177614920101769FF8 /* NotchGeometry.swift in Sources */,
				776D100F018800F366C727A9 /* NotchTrayView.swift in Sources */,
				43EDD919F2090A32548E7629 /* NotchView.swift in Sources */,
				9144673B4694091055E80ED2 /* OCRService.swift in Sources */,
				E7E8DA6EBBC225B86BB65849 /* PanelController.swift in Sources */,
				35E30530E7D620BEA21347B8 /* ReminderService.swift in Sources */,
				A8661FA3D17F686016514D2B /* ScreenshotWatcher.swift in Sources */,
				44F7543B14FCDEA9AC1F9CDF /* Settings.swift in Sources */,
				7E982D5231F5D046E2A487D3 /* SettingsView.swift in Sources */,
				4F55BBD89C23BFA101E611BC /* Shortcuts.swift in Sources */,
				9D2A26B0D46933DBA4CD0163 /* StackDragHandle.swift in Sources */,
			);
			runOnlyForDeploymentPostprocessing = 0;
		};
/* End PBXSourcesBuildPhase section */

/* Begin XCBuildConfiguration section */
		1795294BE11792601D2C0CE3 /* Debug */ = {
			isa = XCBuildConfiguration;
			buildSettings = {
				ALWAYS_SEARCH_USER_PATHS = NO;
				CLANG_ANALYZER_NONNULL = YES;
				CLANG_ANALYZER_NUMBER_OBJECT_CONVERSION = YES_AGGRESSIVE;
				CLANG_CXX_LANGUAGE_STANDARD = "gnu++14";
				CLANG_CXX_LIBRARY = "libc++";
				CLANG_ENABLE_MODULES = YES;
				CLANG_ENABLE_OBJC_ARC = YES;
				CLANG_ENABLE_OBJC_WEAK = YES;
				CLANG_WARN_BLOCK_CAPTURE_AUTORELEASING = YES;
				CLANG_WARN_BOOL_CONVERSION = YES;
				CLANG_WARN_COMMA = YES;
				CLANG_WARN_CONSTANT_CONVERSION = YES;
				CLANG_WARN_DEPRECATED_OBJC_IMPLEMENTATIONS = YES;
				CLANG_WARN_DIRECT_OBJC_ISA_USAGE = YES_ERROR;
				CLANG_WARN_DOCUMENTATION_COMMENTS = YES;
				CLANG_WARN_EMPTY_BODY = YES;
				CLANG_WARN_ENUM_CONVERSION = YES;
				CLANG_WARN_INFINITE_RECURSION = YES;
				CLANG_WARN_INT_CONVERSION = YES;
				CLANG_WARN_NON_LITERAL_NULL_CONVERSION = YES;
				CLANG_WARN_OBJC_IMPLICIT_RETAIN_SELF = YES;
				CLANG_WARN_OBJC_LITERAL_CONVERSION = YES;
				CLANG_WARN_OBJC_ROOT_CLASS = YES_ERROR;
				CLANG_WARN_QUOTED_INCLUDE_IN_FRAMEWORK_HEADER = YES;
				CLANG_WARN_RANGE_LOOP_ANALYSIS = YES;
				CLANG_WARN_STRICT_PROTOTYPES = YES;
				CLANG_WARN_SUSPICIOUS_MOVE = YES;
				CLANG_WARN_UNGUARDED_AVAILABILITY = YES_AGGRESSIVE;
				CLANG_WARN_UNREACHABLE_CODE = YES;
				CLANG_WARN__DUPLICATE_METHOD_MATCH = YES;
				COPY_PHASE_STRIP = NO;
				DEBUG_INFORMATION_FORMAT = dwarf;
				ENABLE_STRICT_OBJC_MSGSEND = YES;
				ENABLE_TESTABILITY = YES;
				GCC_C_LANGUAGE_STANDARD = gnu11;
				GCC_DYNAMIC_NO_PIC = NO;
				GCC_NO_COMMON_BLOCKS = YES;
				GCC_OPTIMIZATION_LEVEL = 0;
				GCC_PREPROCESSOR_DEFINITIONS = (
					"$(inherited)",
					"DEBUG=1",
				);
				GCC_WARN_64_TO_32_BIT_CONVERSION = YES;
				GCC_WARN_ABOUT_RETURN_TYPE = YES_ERROR;
				GCC_WARN_UNDECLARED_SELECTOR = YES;
				GCC_WARN_UNINITIALIZED_AUTOS = YES_AGGRESSIVE;
				GCC_WARN_UNUSED_FUNCTION = YES;
				GCC_WARN_UNUSED_VARIABLE = YES;
				MACOSX_DEPLOYMENT_TARGET = 14.0;
				MTL_ENABLE_DEBUG_INFO = INCLUDE_SOURCE;
				MTL_FAST_MATH = YES;
				ONLY_ACTIVE_ARCH = YES;
				PRODUCT_NAME = "$(TARGET_NAME)";
				SDKROOT = macosx;
				SWIFT_ACTIVE_COMPILATION_CONDITIONS = DEBUG;
				SWIFT_OPTIMIZATION_LEVEL = "-Onone";
				SWIFT_VERSION = 5.0;
			};
			name = Debug;
		};
		3C54A88E256FAEC212CDE9D6 /* Release */ = {
			isa = XCBuildConfiguration;
			buildSettings = {
				ASSETCATALOG_COMPILER_APPICON_NAME = AppIcon;
				CODE_SIGN_ENTITLEMENTS = SupaClip/SupaClip.entitlements;
				CODE_SIGN_IDENTITY = "$(CACHE_SIGN_IDENTITY:default=-)";
				CODE_SIGN_STYLE = Automatic;
				COMBINE_HIDPI_IMAGES = YES;
				CURRENT_PROJECT_VERSION = 1;
				DEVELOPMENT_TEAM = "";
				ENABLE_APP_SANDBOX = NO;
				ENABLE_HARDENED_RUNTIME = NO;
				GENERATE_INFOPLIST_FILE = NO;
				INFOPLIST_FILE = SupaClip/Info.plist;
				LD_RUNPATH_SEARCH_PATHS = (
					"$(inherited)",
					"@executable_path/../Frameworks",
				);
				MACOSX_DEPLOYMENT_TARGET = 14.0;
				MARKETING_VERSION = 0.1.0;
				PRODUCT_BUNDLE_IDENTIFIER = com.sagarmohansingh.supaclip;
				SDKROOT = macosx;
				SWIFT_EMIT_LOC_STRINGS = YES;
				SWIFT_VERSION = 5.9;
			};
			name = Release;
		};
		40576E2D5B5B408808EBECC5 /* Debug */ = {
			isa = XCBuildConfiguration;
			buildSettings = {
				ASSETCATALOG_COMPILER_APPICON_NAME = AppIcon;
				CODE_SIGN_ENTITLEMENTS = SupaClip/SupaClip.entitlements;
				CODE_SIGN_IDENTITY = "$(CACHE_SIGN_IDENTITY:default=-)";
				CODE_SIGN_STYLE = Automatic;
				COMBINE_HIDPI_IMAGES = YES;
				CURRENT_PROJECT_VERSION = 1;
				DEVELOPMENT_TEAM = "";
				ENABLE_APP_SANDBOX = NO;
				ENABLE_HARDENED_RUNTIME = NO;
				GENERATE_INFOPLIST_FILE = NO;
				INFOPLIST_FILE = SupaClip/Info.plist;
				LD_RUNPATH_SEARCH_PATHS = (
					"$(inherited)",
					"@executable_path/../Frameworks",
				);
				MACOSX_DEPLOYMENT_TARGET = 14.0;
				MARKETING_VERSION = 0.1.0;
				PRODUCT_BUNDLE_IDENTIFIER = com.sagarmohansingh.supaclip;
				SDKROOT = macosx;
				SWIFT_EMIT_LOC_STRINGS = YES;
				SWIFT_VERSION = 5.9;
			};
			name = Debug;
		};
		776896CBF50132F5F0C25B23 /* Release */ = {
			isa = XCBuildConfiguration;
			buildSettings = {
				ALWAYS_SEARCH_USER_PATHS = NO;
				CLANG_ANALYZER_NONNULL = YES;
				CLANG_ANALYZER_NUMBER_OBJECT_CONVERSION = YES_AGGRESSIVE;
				CLANG_CXX_LANGUAGE_STANDARD = "gnu++14";
				CLANG_CXX_LIBRARY = "libc++";
				CLANG_ENABLE_MODULES = YES;
				CLANG_ENABLE_OBJC_ARC = YES;
				CLANG_ENABLE_OBJC_WEAK = YES;
				CLANG_WARN_BLOCK_CAPTURE_AUTORELEASING = YES;
				CLANG_WARN_BOOL_CONVERSION = YES;
				CLANG_WARN_COMMA = YES;
				CLANG_WARN_CONSTANT_CONVERSION = YES;
				CLANG_WARN_DEPRECATED_OBJC_IMPLEMENTATIONS = YES;
				CLANG_WARN_DIRECT_OBJC_ISA_USAGE = YES_ERROR;
				CLANG_WARN_DOCUMENTATION_COMMENTS = YES;
				CLANG_WARN_EMPTY_BODY = YES;
				CLANG_WARN_ENUM_CONVERSION = YES;
				CLANG_WARN_INFINITE_RECURSION = YES;
				CLANG_WARN_INT_CONVERSION = YES;
				CLANG_WARN_NON_LITERAL_NULL_CONVERSION = YES;
				CLANG_WARN_OBJC_IMPLICIT_RETAIN_SELF = YES;
				CLANG_WARN_OBJC_LITERAL_CONVERSION = YES;
				CLANG_WARN_OBJC_ROOT_CLASS = YES_ERROR;
				CLANG_WARN_QUOTED_INCLUDE_IN_FRAMEWORK_HEADER = YES;
				CLANG_WARN_RANGE_LOOP_ANALYSIS = YES;
				CLANG_WARN_STRICT_PROTOTYPES = YES;
				CLANG_WARN_SUSPICIOUS_MOVE = YES;
				CLANG_WARN_UNGUARDED_AVAILABILITY = YES_AGGRESSIVE;
				CLANG_WARN_UNREACHABLE_CODE = YES;
				CLANG_WARN__DUPLICATE_METHOD_MATCH = YES;
				COPY_PHASE_STRIP = NO;
				DEBUG_INFORMATION_FORMAT = "dwarf-with-dsym";
				ENABLE_NS_ASSERTIONS = NO;
				ENABLE_STRICT_OBJC_MSGSEND = YES;
				GCC_C_LANGUAGE_STANDARD = gnu11;
				GCC_NO_COMMON_BLOCKS = YES;
				GCC_WARN_64_TO_32_BIT_CONVERSION = YES;
				GCC_WARN_ABOUT_RETURN_TYPE = YES_ERROR;
				GCC_WARN_UNDECLARED_SELECTOR = YES;
				GCC_WARN_UNINITIALIZED_AUTOS = YES_AGGRESSIVE;
				GCC_WARN_UNUSED_FUNCTION = YES;
				GCC_WARN_UNUSED_VARIABLE = YES;
				MACOSX_DEPLOYMENT_TARGET = 14.0;
				MTL_ENABLE_DEBUG_INFO = NO;
				MTL_FAST_MATH = YES;
				PRODUCT_NAME = "$(TARGET_NAME)";
				SDKROOT = macosx;
				SWIFT_COMPILATION_MODE = wholemodule;
				SWIFT_OPTIMIZATION_LEVEL = "-O";
				SWIFT_VERSION = 5.0;
			};
			name = Release;
		};
/* End XCBuildConfiguration section */

/* Begin XCConfigurationList section */
		2191FA7CF683A80686623DC0 /* Build configuration list for PBXProject "Cache" */ = {
			isa = XCConfigurationList;
			buildConfigurations = (
				1795294BE11792601D2C0CE3 /* Debug */,
				776896CBF50132F5F0C25B23 /* Release */,
			);
			defaultConfigurationIsVisible = 0;
			defaultConfigurationName = Debug;
		};
		C9F6FF15F31BC3619556B73B /* Build configuration list for PBXNativeTarget "Cache" */ = {
			isa = XCConfigurationList;
			buildConfigurations = (
				40576E2D5B5B408808EBECC5 /* Debug */,
				3C54A88E256FAEC212CDE9D6 /* Release */,
			);
			defaultConfigurationIsVisible = 0;
			defaultConfigurationName = Debug;
		};
/* End XCConfigurationList section */

/* Begin XCRemoteSwiftPackageReference section */
		AB0D2DD8F3834CB549553702 /* XCRemoteSwiftPackageReference "KeyboardShortcuts" */ = {
			isa = XCRemoteSwiftPackageReference;
			repositoryURL = "https://github.com/sindresorhus/KeyboardShortcuts";
			requirement = {
				kind = upToNextMajorVersion;
				minimumVersion = 2.0.0;
			};
		};
/* End XCRemoteSwiftPackageReference section */

/* Begin XCSwiftPackageProductDependency section */
		16D4D1BFC6F36EFF7DB0E82A /* KeyboardShortcuts */ = {
			isa = XCSwiftPackageProductDependency;
			package = AB0D2DD8F3834CB549553702 /* XCRemoteSwiftPackageReference "KeyboardShortcuts" */;
			productName = KeyboardShortcuts;
		};
/* End XCSwiftPackageProductDependency section */
	};
	rootObject = 1415A7914B54B36021CB05E2 /* Project object */;
}
